
Microsoft Visual Studio Solution File, Format Version 11.00
# Visual Studio 2012
Project("{FAE04EC0-301F-11D3-BF4B-00C04F79EFBC}") = "TagrecS", "TagrecS.csproj", "{41F3472A-A768-4FBB-BA46-B3C001867CA3}"
EndProject
Global
	GlobalSection(SolutionConfigurationPlatforms) = preSolution
		Debug|Any CPU = Debug|Any CPU
		Release|Any CPU = Release|Any CPU
	EndGlobalSection
	GlobalSection(ProjectConfigurationPlatforms) = postSolution
		{41F3472A-A768-4FBB-BA46-B3C001867CA3}.Debug|Any CPU.ActiveCfg = Debug|Any CPU
		{41F3472A-A768-4FBB-BA46-B3C001867CA3}.Debug|Any CPU.Build.0 = Debug|Any CPU
		{41F3472A-A768-4FBB-BA46-B3C001867CA3}.Release|Any CPU.ActiveCfg = Release|Any CPU
		{41F3472A-A768-4FBB-BA46-B3C001867CA3}.Release|Any CPU.Build.0 = Release|Any CPU
	EndGlobalSection
	GlobalSection(SolutionProperties) = preSolution
		HideSolutionNode = FALSE
	EndGlobalSection
EndGlobal
